{
  "nodes": {
    "bing-wallpaper-mac": {
      "flake": false,
      "locked": {
        "lastModified": 1693941036,
        "narHash": "sha256-YFGKe1dMtVpXvWFO9/Q9Vkobk1nkZGNUHgIKLIBkA14=",
        "owner": "lpikora",
        "repo": "bing-wallpaper-daily-mac-multimonitor",
        "rev": "c7521dfa41774af5dca81ca7cdc529a80b06206f",
        "type": "github"
      },
      "original": {
        "owner": "lpikora",
        "repo": "bing-wallpaper-daily-mac-multimonitor",
        "type": "github"
      }
    },
    "catppuccin-bat": {
      "flake": false,
      "locked": {
        "lastModified": 1710199244,
        "narHash": "sha256-yHt3oIjUnljARaihalcWSNldtaJfVDfmfiecYfbzGs0=",
        "owner": "catppuccin",
        "repo": "bat",
        "rev": "2bafe4454d8db28491e9087ff3a1382c336e7d27",
        "type": "github"
      },
      "original": {
        "owner": "catppuccin",
        "repo": "bat",
        "type": "github"
      }
    },
    "catppuccin-delta": {
      "flake": false,
      "locked": {
        "lastModified": 1708029563,
        "narHash": "sha256-0QQLkfLBVuB2re6tjtPNuOQZNK0MDBAIFgNGHZM8afs=",
        "owner": "catppuccin",
        "repo": "delta",
        "rev": "21b37ac3138268d92cee71dfc8539d134817580a",
        "type": "github"
      },
      "original": {
        "owner": "catppuccin",
        "repo": "delta",
        "type": "github"
      }
    },
    "catppuccin-fish": {
      "flake": false,
      "locked": {
        "lastModified": 1698929621,
        "narHash": "sha256-Dc/zdxfzAUM5NX8PxzfljRbYvO9f9syuLO8yBr+R3qg=",
        "owner": "catppuccin",
        "repo": "fish",
        "rev": "0ce27b518e8ead555dec34dd8be3df5bd75cff8e",
        "type": "github"
      },
      "original": {
        "owner": "catppuccin",
        "repo": "fish",
        "type": "github"
      }
    },
    "catppuccin-gitui": {
      "flake": false,
      "locked": {
        "lastModified": 1699888294,
        "narHash": "sha256-kWaHQ1+uoasT8zXxOxkur+QgZu1wLsOOrP/TL+6cfII=",
        "owner": "catppuccin",
        "repo": "gitui",
        "rev": "39978362b2c88b636cacd55b65d2f05c45a47eb9",
        "type": "github"
      },
      "original": {
        "owner": "catppuccin",
        "repo": "gitui",
        "type": "github"
      }
    },
    "catppuccin-starship": {
      "flake": false,
      "locked": {
        "lastModified": 1689246850,
        "narHash": "sha256-nsRuxQFKbQkyEI4TXgvAjcroVdG+heKX5Pauq/4Ota0=",
        "owner": "catppuccin",
        "repo": "starship",
        "rev": "5629d2356f62a9f2f8efad3ff37476c19969bd4f",
        "type": "github"
      },
      "original": {
        "owner": "catppuccin",
        "repo": "starship",
        "type": "github"
      }
    },
    "catppuccin-yazi": {
      "flake": false,
      "locked": {
        "lastModified": 1708566936,
        "narHash": "sha256-2T41qWMe++3Qxl9veRNHMeRI3eU4+LAueKTss02gYNk=",
        "owner": "catppuccin",
        "repo": "yazi",
        "rev": "0846aed69b2a62d29c98e100af0cf55ca729723d",
        "type": "github"
      },
      "original": {
        "owner": "catppuccin",
        "repo": "yazi",
        "type": "github"
      }
    },
    "flake-compat": {
      "locked": {
        "lastModified": 1696426674,
        "narHash": "sha256-kvjfFW7WAETZlt09AgDn1MrtKzP7t90Vf7vypd3OL1U=",
        "owner": "edolstra",
        "repo": "flake-compat",
        "rev": "0f9255e01c2351cc7d116c072cb317785dd33b33",
        "type": "github"
      },
      "original": {
        "owner": "edolstra",
        "repo": "flake-compat",
        "type": "github"
      }
    },
    "flake-parts": {
      "inputs": {
        "nixpkgs-lib": [
          "nixpkgs"
        ]
      },
      "locked": {
        "lastModified": 1709336216,
        "narHash": "sha256-Dt/wOWeW6Sqm11Yh+2+t0dfEWxoMxGBvv3JpIocFl9E=",
        "owner": "hercules-ci",
        "repo": "flake-parts",
        "rev": "f7b3c975cf067e56e7cda6cb098ebe3fb4d74ca2",
        "type": "github"
      },
      "original": {
        "owner": "hercules-ci",
        "repo": "flake-parts",
        "type": "github"
      }
    },
    "flake-parts_2": {
      "inputs": {
        "nixpkgs-lib": [
          "neovim-nightly-overlay",
          "hercules-ci-effects",
          "nixpkgs"
        ]
      },
      "locked": {
        "lastModified": 1701473968,
        "narHash": "sha256-YcVE5emp1qQ8ieHUnxt1wCZCC3ZfAS+SRRWZ2TMda7E=",
        "owner": "hercules-ci",
        "repo": "flake-parts",
        "rev": "34fed993f1674c8d06d58b37ce1e0fe5eebcb9f5",
        "type": "github"
      },
      "original": {
        "id": "flake-parts",
        "type": "indirect"
      }
    },
    "flake-utils": {
      "inputs": {
        "systems": "systems"
      },
      "locked": {
        "lastModified": 1710146030,
        "narHash": "sha256-SZ5L6eA7HJ/nmkzGG7/ISclqe6oZdOZTNoesiInkXPQ=",
        "owner": "numtide",
        "repo": "flake-utils",
        "rev": "b1d9ab70662946ef0850d488da1c9019f3a9752a",
        "type": "github"
      },
      "original": {
        "owner": "numtide",
        "repo": "flake-utils",
        "type": "github"
      }
    },
    "flake-utils_2": {
      "inputs": {
        "systems": "systems_2"
      },
      "locked": {
        "lastModified": 1701680307,
        "narHash": "sha256-kAuep2h5ajznlPMD9rnQyffWG8EM/C73lejGofXvdM8=",
        "owner": "numtide",
        "repo": "flake-utils",
        "rev": "4022d587cbbfd70fe950c1e2083a02621806a725",
        "type": "github"
      },
      "original": {
        "owner": "numtide",
        "repo": "flake-utils",
        "type": "github"
      }
    },
    "hercules-ci-effects": {
      "inputs": {
        "flake-parts": "flake-parts_2",
        "nixpkgs": [
          "neovim-nightly-overlay",
          "nixpkgs"
        ]
      },
      "locked": {
        "lastModified": 1710270110,
        "narHash": "sha256-DSByMaY4UKPv7UhObH0GwJ2D0ay6CBqMWTRn4wcIb2s=",
        "owner": "hercules-ci",
        "repo": "hercules-ci-effects",
        "rev": "3e81b3a33980f6596aafbe308abd78daea0bfa7d",
        "type": "github"
      },
      "original": {
        "owner": "hercules-ci",
        "repo": "hercules-ci-effects",
        "type": "github"
      }
    },
    "home-manager": {
      "inputs": {
        "nixpkgs": [
          "nixpkgs"
        ]
      },
      "locked": {
        "lastModified": 1710281778,
        "narHash": "sha256-bvWr9vvBrAxb44kHM3H3cY/uQg+4pYP1BM/Nu3e/7V8=",
        "owner": "nix-community",
        "repo": "home-manager",
        "rev": "49a266d2ca59df8a03249550e73a54626181b65d",
        "type": "github"
      },
      "original": {
        "owner": "nix-community",
        "repo": "home-manager",
        "type": "github"
      }
    },
    "neovim-flake": {
      "inputs": {
        "flake-utils": "flake-utils_2",
        "nixpkgs": [
          "neovim-nightly-overlay",
          "nixpkgs"
        ]
      },
      "locked": {
        "dir": "contrib",
        "lastModified": 1710284709,
        "narHash": "sha256-LsUxusDVMDJiq3aQcRKw11pzxmsbUwhawIcjRxguUoA=",
        "owner": "neovim",
        "repo": "neovim",
        "rev": "9f59415243adcf70c02bc056ed755859456b20e8",
        "type": "github"
      },
      "original": {
        "dir": "contrib",
        "owner": "neovim",
        "repo": "neovim",
        "type": "github"
      }
    },
    "neovim-nightly-overlay": {
      "inputs": {
        "flake-compat": [
          "flake-compat"
        ],
        "flake-parts": [
          "flake-parts"
        ],
        "hercules-ci-effects": "hercules-ci-effects",
        "neovim-flake": "neovim-flake",
        "nixpkgs": [
          "nixpkgs"
        ]
      },
      "locked": {
        "lastModified": 1710288189,
        "narHash": "sha256-9Liyaz737kE8MjLkfvc0DY5WJrNuAE0YhxIed5AZENg=",
        "owner": "nix-community",
        "repo": "neovim-nightly-overlay",
        "rev": "3a44d31d4d18b64f8f74c8e7439c873f3fb2f9f0",
        "type": "github"
      },
      "original": {
        "owner": "nix-community",
        "repo": "neovim-nightly-overlay",
        "type": "github"
      }
    },
    "nixgl": {
      "inputs": {
        "flake-utils": [
          "flake-utils"
        ],
        "nixpkgs": [
          "nixpkgs"
        ]
      },
      "locked": {
        "lastModified": 1685908677,
        "narHash": "sha256-E4zUPEUFyVWjVm45zICaHRpfGepfkE9Z2OECV9HXfA4=",
        "owner": "nix-community",
        "repo": "nixGL",
        "rev": "489d6b095ab9d289fe11af0219a9ff00fe87c7c5",
        "type": "github"
      },
      "original": {
        "owner": "nix-community",
        "repo": "nixGL",
        "type": "github"
      }
    },
    "nixpkgs": {
      "locked": {
        "lastModified": 1709961763,
        "narHash": "sha256-6H95HGJHhEZtyYA3rIQpvamMKAGoa8Yh2rFV29QnuGw=",
        "owner": "nixos",
        "repo": "nixpkgs",
        "rev": "3030f185ba6a4bf4f18b87f345f104e6a6961f34",
        "type": "github"
      },
      "original": {
        "owner": "nixos",
        "ref": "nixos-unstable",
        "repo": "nixpkgs",
        "type": "github"
      }
    },
    "nnn-plugins": {
      "flake": false,
      "locked": {
        "lastModified": 1709661705,
        "narHash": "sha256-1AgOzmnEPnycYf/YbPvcHV1O+vGlcddHCoIkgpbcbv0=",
        "owner": "jarun",
        "repo": "nnn",
        "rev": "5456ba458292e4a8ab3c822e116bcbee77dbf103",
        "type": "github"
      },
      "original": {
        "owner": "jarun",
        "repo": "nnn",
        "type": "github"
      }
    },
    "omf-proxy": {
      "flake": false,
      "locked": {
        "lastModified": 1613331123,
        "narHash": "sha256-OJfUbT9h5gQGWP/v6BWiDAwfUjgIrbGLXZzdr6fsCyY=",
        "owner": "oh-my-fish",
        "repo": "plugin-proxy",
        "rev": "f5ba6c770112dddcc526e3685fd563814c1c3414",
        "type": "github"
      },
      "original": {
        "owner": "oh-my-fish",
        "repo": "plugin-proxy",
        "type": "github"
      }
    },
    "pure": {
      "flake": false,
      "locked": {
        "lastModified": 1709132273,
        "narHash": "sha256-BmQO4xqd/3QnpLUitD2obVxL0UulpboT8jGNEh4ri8k=",
        "owner": "sindresorhus",
        "repo": "pure",
        "rev": "a02209d36c8509c0e62f44324127632999c9c0cf",
        "type": "github"
      },
      "original": {
        "owner": "sindresorhus",
        "repo": "pure",
        "type": "github"
      }
    },
    "root": {
      "inputs": {
        "bing-wallpaper-mac": "bing-wallpaper-mac",
        "catppuccin-bat": "catppuccin-bat",
        "catppuccin-delta": "catppuccin-delta",
        "catppuccin-fish": "catppuccin-fish",
        "catppuccin-gitui": "catppuccin-gitui",
        "catppuccin-starship": "catppuccin-starship",
        "catppuccin-yazi": "catppuccin-yazi",
        "flake-compat": "flake-compat",
        "flake-parts": "flake-parts",
        "flake-utils": "flake-utils",
        "home-manager": "home-manager",
        "neovim-nightly-overlay": "neovim-nightly-overlay",
        "nixgl": "nixgl",
        "nixpkgs": "nixpkgs",
        "nnn-plugins": "nnn-plugins",
        "omf-proxy": "omf-proxy",
        "pure": "pure",
        "zim-completion": "zim-completion",
        "zim-environment": "zim-environment",
        "zim-git": "zim-git",
        "zim-input": "zim-input",
        "zim-ssh": "zim-ssh",
        "zim-utility": "zim-utility",
        "zsh-autopair": "zsh-autopair",
        "zsh-completions": "zsh-completions",
        "zsh-syntax-highlighting": "zsh-syntax-highlighting"
      }
    },
    "systems": {
      "locked": {
        "lastModified": 1681028828,
        "narHash": "sha256-Vy1rq5AaRuLzOxct8nz4T6wlgyUR7zLU309k9mBC768=",
        "owner": "nix-systems",
        "repo": "default",
        "rev": "da67096a3b9bf56a91d16901293e51ba5b49a27e",
        "type": "github"
      },
      "original": {
        "owner": "nix-systems",
        "repo": "default",
        "type": "github"
      }
    },
    "systems_2": {
      "locked": {
        "lastModified": 1681028828,
        "narHash": "sha256-Vy1rq5AaRuLzOxct8nz4T6wlgyUR7zLU309k9mBC768=",
        "owner": "nix-systems",
        "repo": "default",
        "rev": "da67096a3b9bf56a91d16901293e51ba5b49a27e",
        "type": "github"
      },
      "original": {
        "owner": "nix-systems",
        "repo": "default",
        "type": "github"
      }
    },
    "zim-completion": {
      "flake": false,
      "locked": {
        "lastModified": 1678231634,
        "narHash": "sha256-k+MO31FuQ+W5RYJ0HgKmqvlzdGz1zkuWUf7l+WP5tbg=",
        "owner": "zimfw",
        "repo": "completion",
        "rev": "e544206fae7d08a9853a9dc34af2f840ed5753e4",
        "type": "github"
      },
      "original": {
        "owner": "zimfw",
        "repo": "completion",
        "type": "github"
      }
    },
    "zim-environment": {
      "flake": false,
      "locked": {
        "lastModified": 1638276188,
        "narHash": "sha256-B8Cki4uCcSce0xewZ91P9wCpA5+x/AlT1IwC+HVs6OI=",
        "owner": "zimfw",
        "repo": "environment",
        "rev": "d4bceaa3da89cd819843334dba1a5bf7dc137e14",
        "type": "github"
      },
      "original": {
        "owner": "zimfw",
        "repo": "environment",
        "type": "github"
      }
    },
    "zim-git": {
      "flake": false,
      "locked": {
        "lastModified": 1695922401,
        "narHash": "sha256-mTmcp6hmtWc6012vaznbXdIojoRT5rux1HZ54VxtPY4=",
        "owner": "zimfw",
        "repo": "git",
        "rev": "de3a9f1553994d9fe5e6187f40ceac8afbfd1707",
        "type": "github"
      },
      "original": {
        "owner": "zimfw",
        "repo": "git",
        "type": "github"
      }
    },
    "zim-input": {
      "flake": false,
      "locked": {
        "lastModified": 1691680655,
        "narHash": "sha256-alS02tiio5hfNviAdJ/uOhoNs4ESr7+dxLaJIY4Os3A=",
        "owner": "zimfw",
        "repo": "input",
        "rev": "b2a8a80071dc781dd1b075a5161d2a0225140916",
        "type": "github"
      },
      "original": {
        "owner": "zimfw",
        "repo": "input",
        "type": "github"
      }
    },
    "zim-ssh": {
      "flake": false,
      "locked": {
        "lastModified": 1621618839,
        "narHash": "sha256-HkrNRhH8DeBRJbzfLxKTnX0q85xzVqOsGVK68rGcbcc=",
        "owner": "zimfw",
        "repo": "ssh",
        "rev": "c337b6cc0078058b85b5c7f050ec9edea1507db1",
        "type": "github"
      },
      "original": {
        "owner": "zimfw",
        "repo": "ssh",
        "type": "github"
      }
    },
    "zim-utility": {
      "flake": false,
      "locked": {
        "lastModified": 1702160851,
        "narHash": "sha256-5p2SlB7OuycvDV7c/mCr5ddUw+npZfCD+LfMeyBeGtE=",
        "owner": "zimfw",
        "repo": "utility",
        "rev": "6b74db5656509e5fe657901a9f0f52b6c7499904",
        "type": "github"
      },
      "original": {
        "owner": "zimfw",
        "repo": "utility",
        "type": "github"
      }
    },
    "zsh-autopair": {
      "flake": false,
      "locked": {
        "lastModified": 1709947643,
        "narHash": "sha256-Y7fkpvCOC/lC2CHYui+6vOdNO8dNHGrVYTGGNf9qgdg=",
        "owner": "hlissner",
        "repo": "zsh-autopair",
        "rev": "2ec3fd3c9b950c01dbffbb2a4d191e1d34b8c58a",
        "type": "github"
      },
      "original": {
        "owner": "hlissner",
        "repo": "zsh-autopair",
        "type": "github"
      }
    },
    "zsh-completions": {
      "flake": false,
      "locked": {
        "lastModified": 1707297631,
        "narHash": "sha256-8qgANoYAvTlAnyKcOfHATEAWvvPzztIcRVmTHWcEM5c=",
        "owner": "zsh-users",
        "repo": "zsh-completions",
        "rev": "507f1f8715edd9f1f403c140fa332644d81ebab5",
        "type": "github"
      },
      "original": {
        "owner": "zsh-users",
        "repo": "zsh-completions",
        "type": "github"
      }
    },
    "zsh-syntax-highlighting": {
      "flake": false,
      "locked": {
        "lastModified": 1704566212,
        "narHash": "sha256-4rW2N+ankAH4sA6Sa5mr9IKsdAg7WTgrmyqJ2V1vygQ=",
        "owner": "zsh-users",
        "repo": "zsh-syntax-highlighting",
        "rev": "e0165eaa730dd0fa321a6a6de74f092fe87630b0",
        "type": "github"
      },
      "original": {
        "owner": "zsh-users",
        "repo": "zsh-syntax-highlighting",
        "type": "github"
      }
    }
  },
  "root": "root",
  "version": 7
}
