{
  "nodes": {
    "arandr": {
      "flake": false,
      "locked": {
        "lastModified": 1696244654,
        "narHash": "sha256-DJqNzbSLxwdblqLLtwqj4ob58FrB0RuaTgf6dfZ2TvA=",
        "owner": "thiagokokada",
        "repo": "arandr",
        "rev": "4723af240be5c8e927bdff187fc611ec5099d8c9",
        "type": "gitlab"
      },
      "original": {
        "owner": "thiagokokada",
        "repo": "arandr",
        "type": "gitlab"
      }
    },
    "catppuccin": {
      "inputs": {
        "nixpkgs": [
          "nixpkgs"
        ]
      },
      "locked": {
        "lastModified": 1752227483,
        "narHash": "sha256-eetITGJfURryoHY5gfuE9/4sEV9aSgzhPxgsQgofNa8=",
        "owner": "catppuccin",
        "repo": "nix",
        "rev": "5f431aac1a4038c385e6de2d2384d943e4802d61",
        "type": "github"
      },
      "original": {
        "owner": "catppuccin",
        "repo": "nix",
        "type": "github"
      }
    },
    "disko": {
      "inputs": {
        "nixpkgs": [
          "nixpkgs"
        ]
      },
      "locked": {
        "lastModified": 1752113600,
        "narHash": "sha256-7LYDxKxZgBQ8LZUuolAQ8UkIB+jb4A2UmiR+kzY9CLI=",
        "owner": "nix-community",
        "repo": "disko",
        "rev": "79264292b7e3482e5702932949de9cbb69fedf6d",
        "type": "github"
      },
      "original": {
        "owner": "nix-community",
        "repo": "disko",
        "type": "github"
      }
    },
    "flake-compat": {
      "locked": {
        "lastModified": 1747046372,
        "narHash": "sha256-CIVLLkVgvHYbgI2UpXvIIBJ12HWgX+fjA8Xf8PUmqCY=",
        "owner": "edolstra",
        "repo": "flake-compat",
        "rev": "9100a0f413b0c601e0533d1d94ffd501ce2e7885",
        "type": "github"
      },
      "original": {
        "owner": "edolstra",
        "repo": "flake-compat",
        "type": "github"
      }
    },
    "flake-parts": {
      "inputs": {
        "nixpkgs-lib": [
          "nixpkgs"
        ]
      },
      "locked": {
        "lastModified": 1751413152,
        "narHash": "sha256-Tyw1RjYEsp5scoigs1384gIg6e0GoBVjms4aXFfRssQ=",
        "owner": "hercules-ci",
        "repo": "flake-parts",
        "rev": "77826244401ea9de6e3bac47c2db46005e1f30b5",
        "type": "github"
      },
      "original": {
        "owner": "hercules-ci",
        "repo": "flake-parts",
        "type": "github"
      }
    },
    "flake-utils": {
      "inputs": {
        "systems": "systems"
      },
      "locked": {
        "lastModified": 1731533236,
        "narHash": "sha256-l0KFg5HjrsfsO/JpG+r7fRrqm12kzFHyUHqHCVpMMbI=",
        "owner": "numtide",
        "repo": "flake-utils",
        "rev": "11707dc2f618dd54ca8739b309ec4fc024de578b",
        "type": "github"
      },
      "original": {
        "owner": "numtide",
        "repo": "flake-utils",
        "type": "github"
      }
    },
    "hardware": {
      "locked": {
        "lastModified": 1752048960,
        "narHash": "sha256-gATnkOe37eeVwKKYCsL+OnS2gU4MmLuZFzzWCtaKLI8=",
        "owner": "NixOS",
        "repo": "nixos-hardware",
        "rev": "7ced9122cff2163c6a0212b8d1ec8c33a1660806",
        "type": "github"
      },
      "original": {
        "owner": "NixOS",
        "repo": "nixos-hardware",
        "type": "github"
      }
    },
    "home-manager": {
      "inputs": {
        "nixpkgs": [
          "nixpkgs"
        ]
      },
      "locked": {
        "lastModified": 1752348734,
        "narHash": "sha256-w3s5y+9Nn0oKUk6yS77YG1iRSizNStxqhEsgIlJKRtw=",
        "owner": "nix-community",
        "repo": "home-manager",
        "rev": "ea24675e4f4f4c494ccb04f6645db2a394d348ee",
        "type": "github"
      },
      "original": {
        "owner": "nix-community",
        "repo": "home-manager",
        "type": "github"
      }
    },
    "hyprland-go": {
      "inputs": {
        "nixpkgs": [
          "nixpkgs"
        ]
      },
      "locked": {
        "lastModified": 1752259925,
        "narHash": "sha256-f5dVirqDzgt9Gwcmp3wUEn1P7tPoI7W/19TVVPOnAbc=",
        "owner": "thiagokokada",
        "repo": "hyprland-go",
        "rev": "d507179d079068b4454d38be549ea1a9f22dded9",
        "type": "github"
      },
      "original": {
        "owner": "thiagokokada",
        "repo": "hyprland-go",
        "type": "github"
      }
    },
    "nix-darwin": {
      "inputs": {
        "nixpkgs": [
          "nixpkgs"
        ]
      },
      "locked": {
        "lastModified": 1751313918,
        "narHash": "sha256-HsJM3XLa43WpG+665aGEh8iS8AfEwOIQWk3Mke3e7nk=",
        "owner": "nix-darwin",
        "repo": "nix-darwin",
        "rev": "e04a388232d9a6ba56967ce5b53a8a6f713cdfcf",
        "type": "github"
      },
      "original": {
        "owner": "nix-darwin",
        "repo": "nix-darwin",
        "type": "github"
      }
    },
    "nix-proxy-manager": {
      "inputs": {
        "nixpkgs": [
          "nixpkgs"
        ]
      },
      "locked": {
        "lastModified": 1744472554,
        "narHash": "sha256-kbeex/5OMa3c8mJqY71Psq9F4FBJR8wKiZxDSN/Xxfc=",
        "owner": "aleadag",
        "repo": "nix-proxy-manager",
        "rev": "b77aa2bb9d97dd8d3914cfece7c42a50971f3387",
        "type": "github"
      },
      "original": {
        "owner": "aleadag",
        "repo": "nix-proxy-manager",
        "type": "github"
      }
    },
    "nixgl": {
      "inputs": {
        "flake-utils": "flake-utils",
        "nixpkgs": [
          "nixpkgs"
        ]
      },
      "locked": {
        "lastModified": 1752054764,
        "narHash": "sha256-Ob/HuUhANoDs+nvYqyTKrkcPXf4ZgXoqMTQoCK0RFgQ=",
        "owner": "nix-community",
        "repo": "nixGL",
        "rev": "a8e1ce7d49a149ed70df676785b07f63288f53c5",
        "type": "github"
      },
      "original": {
        "owner": "nix-community",
        "repo": "nixGL",
        "type": "github"
      }
    },
    "nixpkgs": {
      "locked": {
        "lastModified": 1751984180,
        "narHash": "sha256-LwWRsENAZJKUdD3SpLluwDmdXY9F45ZEgCb0X+xgOL0=",
        "owner": "NixOS",
        "repo": "nixpkgs",
        "rev": "9807714d6944a957c2e036f84b0ff8caf9930bc0",
        "type": "github"
      },
      "original": {
        "owner": "NixOS",
        "ref": "nixos-unstable",
        "repo": "nixpkgs",
        "type": "github"
      }
    },
    "nur": {
      "inputs": {
        "flake-parts": [
          "flake-parts"
        ],
        "nixpkgs": [
          "nixpkgs"
        ]
      },
      "locked": {
        "lastModified": 1752352532,
        "narHash": "sha256-w/lG3HF6StfB2VnbhulQwgHgw0KDPIKYICkfcq3Bp3I=",
        "owner": "nix-community",
        "repo": "NUR",
        "rev": "b2350b4af69a7c9799cad80f28b32d9bbee37139",
        "type": "github"
      },
      "original": {
        "owner": "nix-community",
        "repo": "NUR",
        "type": "github"
      }
    },
    "omf-proxy": {
      "flake": false,
      "locked": {
        "lastModified": 1613331123,
        "narHash": "sha256-OJfUbT9h5gQGWP/v6BWiDAwfUjgIrbGLXZzdr6fsCyY=",
        "owner": "oh-my-fish",
        "repo": "plugin-proxy",
        "rev": "f5ba6c770112dddcc526e3685fd563814c1c3414",
        "type": "github"
      },
      "original": {
        "owner": "oh-my-fish",
        "repo": "plugin-proxy",
        "type": "github"
      }
    },
    "root": {
      "inputs": {
        "arandr": "arandr",
        "catppuccin": "catppuccin",
        "disko": "disko",
        "flake-compat": "flake-compat",
        "flake-parts": "flake-parts",
        "hardware": "hardware",
        "home-manager": "home-manager",
        "hyprland-go": "hyprland-go",
        "nix-darwin": "nix-darwin",
        "nix-proxy-manager": "nix-proxy-manager",
        "nixgl": "nixgl",
        "nixpkgs": "nixpkgs",
        "nur": "nur",
        "omf-proxy": "omf-proxy",
        "sops-nix": "sops-nix",
        "treefmt-nix": "treefmt-nix",
        "zsh-proxy": "zsh-proxy"
      }
    },
    "sops-nix": {
      "inputs": {
        "nixpkgs": [
          "nixpkgs"
        ]
      },
      "locked": {
        "lastModified": 1751606940,
        "narHash": "sha256-KrDPXobG7DFKTOteqdSVeL1bMVitDcy7otpVZWDE6MA=",
        "owner": "Mic92",
        "repo": "sops-nix",
        "rev": "3633fc4acf03f43b260244d94c71e9e14a2f6e0d",
        "type": "github"
      },
      "original": {
        "owner": "Mic92",
        "repo": "sops-nix",
        "type": "github"
      }
    },
    "systems": {
      "locked": {
        "lastModified": 1681028828,
        "narHash": "sha256-Vy1rq5AaRuLzOxct8nz4T6wlgyUR7zLU309k9mBC768=",
        "owner": "nix-systems",
        "repo": "default",
        "rev": "da67096a3b9bf56a91d16901293e51ba5b49a27e",
        "type": "github"
      },
      "original": {
        "owner": "nix-systems",
        "repo": "default",
        "type": "github"
      }
    },
    "treefmt-nix": {
      "inputs": {
        "nixpkgs": [
          "nixpkgs"
        ]
      },
      "locked": {
        "lastModified": 1752055615,
        "narHash": "sha256-19m7P4O/Aw/6+CzncWMAJu89JaKeMh3aMle1CNQSIwM=",
        "owner": "numtide",
        "repo": "treefmt-nix",
        "rev": "c9d477b5d5bd7f26adddd3f96cfd6a904768d4f9",
        "type": "github"
      },
      "original": {
        "owner": "numtide",
        "repo": "treefmt-nix",
        "type": "github"
      }
    },
    "zsh-proxy": {
      "flake": false,
      "locked": {
        "lastModified": 1710835038,
        "narHash": "sha256-gOOBm/7aUaBe7nZj0GrbNpHB759mHKQwJsHH6+q5R+g=",
        "owner": "SukkaW",
        "repo": "zsh-proxy",
        "rev": "2ec61be1b0b97c36cb008b780eccc5f407d9d0cd",
        "type": "github"
      },
      "original": {
        "owner": "SukkaW",
        "repo": "zsh-proxy",
        "type": "github"
      }
    }
  },
  "root": "root",
  "version": 7
}
